// !$*UTF8*$!
{
	archiveVersion = 1;
	classes = {
	};
	objectVersion = 56;
	objects = {

/* Begin PBXBuildFile section */
		020E18CC2AE84DCB0050BACA /* AppDelegate.swift in Sources */ = {isa = PBXBuildFile; fileRef = 020E18CB2AE84DCB0050BACA /* AppDelegate.swift */; };
		020E18CE2AE84DCB0050BACA /* SceneDelegate.swift in Sources */ = {isa = PBXBuildFile; fileRef = 020E18CD2AE84DCB0050BACA /* SceneDelegate.swift */; };
		020E18D02AE84DCB0050BACA /* CalculatorViewController.swift in Sources */ = {isa = PBXBuildFile; fileRef = 020E18CF2AE84DCB0050BACA /* CalculatorViewController.swift */; };
		020E18D52AE84DCD0050BACA /* Assets.xcassets in Resources */ = {isa = PBXBuildFile; fileRef = 020E18D42AE84DCD0050BACA /* Assets.xcassets */; };
		020E18D82AE84DCD0050BACA /* LaunchScreen.storyboard in Resources */ = {isa = PBXBuildFile; fileRef = 020E18D62AE84DCD0050BACA /* LaunchScreen.storyboard */; };
		020E18E32AE84DCD0050BACA /* tip_calculatorTests.swift in Sources */ = {isa = PBXBuildFile; fileRef = 020E18E22AE84DCD0050BACA /* tip_calculatorTests.swift */; };
		020E18ED2AE84DCD0050BACA /* tip_calculatorUITests.swift in Sources */ = {isa = PBXBuildFile; fileRef = 020E18EC2AE84DCD0050BACA /* tip_calculatorUITests.swift */; };
		020E18EF2AE84DCD0050BACA /* tip_calculatorUITestsLaunchTests.swift in Sources */ = {isa = PBXBuildFile; fileRef = 020E18EE2AE84DCD0050BACA /* tip_calculatorUITestsLaunchTests.swift */; };
		020E18FD2AE84DF30050BACA /* CombineCocoa in Frameworks */ = {isa = PBXBuildFile; productRef = 020E18FC2AE84DF30050BACA /* CombineCocoa */; };
		020E19012AE84E480050BACA /* SnapKit in Frameworks */ = {isa = PBXBuildFile; productRef = 020E19002AE84E480050BACA /* SnapKit */; };
		020E19032AE84E5F0050BACA /* CombineCocoa in Frameworks */ = {isa = PBXBuildFile; productRef = 020E19022AE84E5F0050BACA /* CombineCocoa */; };
		020E19062AE84EFF0050BACA /* SnapshotTesting in Frameworks */ = {isa = PBXBuildFile; productRef = 020E19052AE84EFF0050BACA /* SnapshotTesting */; };
		020E19082AE84F140050BACA /* CombineCocoa in Frameworks */ = {isa = PBXBuildFile; productRef = 020E19072AE84F140050BACA /* CombineCocoa */; };
		020E190B2AE86A6B0050BACA /* LogoView.swift in Sources */ = {isa = PBXBuildFile; fileRef = 020E190A2AE86A6B0050BACA /* LogoView.swift */; };
		020E190D2AE86B620050BACA /* ResultView.swift in Sources */ = {isa = PBXBuildFile; fileRef = 020E190C2AE86B620050BACA /* ResultView.swift */; };
		020E190F2AE86B7A0050BACA /* BillInputView.swift in Sources */ = {isa = PBXBuildFile; fileRef = 020E190E2AE86B7A0050BACA /* BillInputView.swift */; };
		020E19112AE86B9D0050BACA /* TipInputView.swift in Sources */ = {isa = PBXBuildFile; fileRef = 020E19102AE86B9D0050BACA /* TipInputView.swift */; };
		020E19132AE86BB70050BACA /* SplitInputView.swift in Sources */ = {isa = PBXBuildFile; fileRef = 020E19122AE86BB60050BACA /* SplitInputView.swift */; };
		020E19162AE86ED30050BACA /* ThemeColor.swift in Sources */ = {isa = PBXBuildFile; fileRef = 020E19152AE86ED30050BACA /* ThemeColor.swift */; };
		020E19182AE86EE00050BACA /* ThemeFont.swift in Sources */ = {isa = PBXBuildFile; fileRef = 020E19172AE86EE00050BACA /* ThemeFont.swift */; };
		020E191B2AE86F2F0050BACA /* UIColor+Extension.swift in Sources */ = {isa = PBXBuildFile; fileRef = 020E191A2AE86F2F0050BACA /* UIColor+Extension.swift */; };
		020E191E2AE8732C0050BACA /* LabelFactory.swift in Sources */ = {isa = PBXBuildFile; fileRef = 020E191D2AE8732C0050BACA /* LabelFactory.swift */; };
		020E19202AE879270050BACA /* UIView+Extension.swift in Sources */ = {isa = PBXBuildFile; fileRef = 020E191F2AE879270050BACA /* UIView+Extension.swift */; };
		020E19222AE87E510050BACA /* AmountView.swift in Sources */ = {isa = PBXBuildFile; fileRef = 020E19212AE87E510050BACA /* AmountView.swift */; };
		02C1392C2AE9006800AAB0CD /* HeaderView.swift in Sources */ = {isa = PBXBuildFile; fileRef = 02C1392B2AE9006800AAB0CD /* HeaderView.swift */; };
		02C1392E2AE9075800AAB0CD /* Tip.swift in Sources */ = {isa = PBXBuildFile; fileRef = 02C1392D2AE9075800AAB0CD /* Tip.swift */; };
		02C139322AE9275D00AAB0CD /* CalculatorViewModel.swift in Sources */ = {isa = PBXBuildFile; fileRef = 02C139312AE9275D00AAB0CD /* CalculatorViewModel.swift */; };
		02C139342AE9285200AAB0CD /* Result.swift in Sources */ = {isa = PBXBuildFile; fileRef = 02C139332AE9285200AAB0CD /* Result.swift */; };
		02C139362AE92C0800AAB0CD /* String+Extension.swift in Sources */ = {isa = PBXBuildFile; fileRef = 02C139352AE92C0800AAB0CD /* String+Extension.swift */; };
		02C139382AE9378900AAB0CD /* UIResponder+Extension.swift in Sources */ = {isa = PBXBuildFile; fileRef = 02C139372AE9378900AAB0CD /* UIResponder+Extension.swift */; };
/* End PBXBuildFile section */

/* Begin PBXContainerItemProxy section */
		020E18DF2AE84DCD0050BACA /* PBXContainerItemProxy */ = {
			isa = PBXContainerItemProxy;
			containerPortal = 020E18C02AE84DCB0050BACA /* Project object */;
			proxyType = 1;
			remoteGlobalIDString = 020E18C72AE84DCB0050BACA;
			remoteInfo = "tip-calculator";
		};
		020E18E92AE84DCD0050BACA /* PBXContainerItemProxy */ = {
			isa = PBXContainerItemProxy;
			containerPortal = 020E18C02AE84DCB0050BACA /* Project object */;
			proxyType = 1;
			remoteGlobalIDString = 020E18C72AE84DCB0050BACA;
			remoteInfo = "tip-calculator";
		};
/* End PBXContainerItemProxy section */

/* Begin PBXFileReference section */
		020E18C82AE84DCB0050BACA /* tip-calculator.app */ = {isa = PBXFileReference; explicitFileType = wrapper.application; includeInIndex = 0; path = "tip-calculator.app"; sourceTree = BUILT_PRODUCTS_DIR; };
		020E18CB2AE84DCB0050BACA /* AppDelegate.swift */ = {isa = PBXFileReference; lastKnownFileType = sourcecode.swift; path = AppDelegate.swift; sourceTree = "<group>"; };
		020E18CD2AE84DCB0050BACA /* SceneDelegate.swift */ = {isa = PBXFileReference; lastKnownFileType = sourcecode.swift; path = SceneDelegate.swift; sourceTree = "<group>"; };
		020E18CF2AE84DCB0050BACA /* CalculatorViewController.swift */ = {isa = PBXFileReference; lastKnownFileType = sourcecode.swift; path = CalculatorViewController.swift; sourceTree = "<group>"; };
		020E18D42AE84DCD0050BACA /* Assets.xcassets */ = {isa = PBXFileReference; lastKnownFileType = folder.assetcatalog; path = Assets.xcassets; sourceTree = "<group>"; };
		020E18D72AE84DCD0050BACA /* Base */ = {isa = PBXFileReference; lastKnownFileType = file.storyboard; name = Base; path = Base.lproj/LaunchScreen.storyboard; sourceTree = "<group>"; };
		020E18D92AE84DCD0050BACA /* Info.plist */ = {isa = PBXFileReference; lastKnownFileType = text.plist.xml; path = Info.plist; sourceTree = "<group>"; };
		020E18DE2AE84DCD0050BACA /* tip-calculatorTests.xctest */ = {isa = PBXFileReference; explicitFileType = wrapper.cfbundle; includeInIndex = 0; path = "tip-calculatorTests.xctest"; sourceTree = BUILT_PRODUCTS_DIR; };
		020E18E22AE84DCD0050BACA /* tip_calculatorTests.swift */ = {isa = PBXFileReference; lastKnownFileType = sourcecode.swift; path = tip_calculatorTests.swift; sourceTree = "<group>"; };
		020E18E82AE84DCD0050BACA /* tip-calculatorUITests.xctest */ = {isa = PBXFileReference; explicitFileType = wrapper.cfbundle; includeInIndex = 0; path = "tip-calculatorUITests.xctest"; sourceTree = BUILT_PRODUCTS_DIR; };
		020E18EC2AE84DCD0050BACA /* tip_calculatorUITests.swift */ = {isa = PBXFileReference; lastKnownFileType = sourcecode.swift; path = tip_calculatorUITests.swift; sourceTree = "<group>"; };
		020E18EE2AE84DCD0050BACA /* tip_calculatorUITestsLaunchTests.swift */ = {isa = PBXFileReference; lastKnownFileType = sourcecode.swift; path = tip_calculatorUITestsLaunchTests.swift; sourceTree = "<group>"; };
		020E190A2AE86A6B0050BACA /* LogoView.swift */ = {isa = PBXFileReference; lastKnownFileType = sourcecode.swift; path = LogoView.swift; sourceTree = "<group>"; };
		020E190C2AE86B620050BACA /* ResultView.swift */ = {isa = PBXFileReference; lastKnownFileType = sourcecode.swift; path = ResultView.swift; sourceTree = "<group>"; };
		020E190E2AE86B7A0050BACA /* BillInputView.swift */ = {isa = PBXFileReference; lastKnownFileType = sourcecode.swift; path = BillInputView.swift; sourceTree = "<group>"; };
		020E19102AE86B9D0050BACA /* TipInputView.swift */ = {isa = PBXFileReference; lastKnownFileType = sourcecode.swift; path = TipInputView.swift; sourceTree = "<group>"; };
		020E19122AE86BB60050BACA /* SplitInputView.swift */ = {isa = PBXFileReference; lastKnownFileType = sourcecode.swift; path = SplitInputView.swift; sourceTree = "<group>"; };
		020E19152AE86ED30050BACA /* ThemeColor.swift */ = {isa = PBXFileReference; lastKnownFileType = sourcecode.swift; path = ThemeColor.swift; sourceTree = "<group>"; };
		020E19172AE86EE00050BACA /* ThemeFont.swift */ = {isa = PBXFileReference; lastKnownFileType = sourcecode.swift; path = ThemeFont.swift; sourceTree = "<group>"; };
		020E191A2AE86F2F0050BACA /* UIColor+Extension.swift */ = {isa = PBXFileReference; lastKnownFileType = sourcecode.swift; path = "UIColor+Extension.swift"; sourceTree = "<group>"; };
		020E191D2AE8732C0050BACA /* LabelFactory.swift */ = {isa = PBXFileReference; lastKnownFileType = sourcecode.swift; path = LabelFactory.swift; sourceTree = "<group>"; };
		020E191F2AE879270050BACA /* UIView+Extension.swift */ = {isa = PBXFileReference; lastKnownFileType = sourcecode.swift; path = "UIView+Extension.swift"; sourceTree = "<group>"; };
		020E19212AE87E510050BACA /* AmountView.swift */ = {isa = PBXFileReference; lastKnownFileType = sourcecode.swift; path = AmountView.swift; sourceTree = "<group>"; };
		02C1392B2AE9006800AAB0CD /* HeaderView.swift */ = {isa = PBXFileReference; lastKnownFileType = sourcecode.swift; path = HeaderView.swift; sourceTree = "<group>"; };
		02C1392D2AE9075800AAB0CD /* Tip.swift */ = {isa = PBXFileReference; lastKnownFileType = sourcecode.swift; path = Tip.swift; sourceTree = "<group>"; };
		02C139312AE9275D00AAB0CD /* CalculatorViewModel.swift */ = {isa = PBXFileReference; lastKnownFileType = sourcecode.swift; path = CalculatorViewModel.swift; sourceTree = "<group>"; };
		02C139332AE9285200AAB0CD /* Result.swift */ = {isa = PBXFileReference; lastKnownFileType = sourcecode.swift; path = Result.swift; sourceTree = "<group>"; };
		02C139352AE92C0800AAB0CD /* String+Extension.swift */ = {isa = PBXFileReference; lastKnownFileType = sourcecode.swift; path = "String+Extension.swift"; sourceTree = "<group>"; };
		02C139372AE9378900AAB0CD /* UIResponder+Extension.swift */ = {isa = PBXFileReference; lastKnownFileType = sourcecode.swift; path = "UIResponder+Extension.swift"; sourceTree = "<group>"; };
/* End PBXFileReference section */

/* Begin PBXFrameworksBuildPhase section */
		020E18C52AE84DCB0050BACA /* Frameworks */ = {
			isa = PBXFrameworksBuildPhase;
			buildActionMask = 2147483647;
			files = (
				020E18FD2AE84DF30050BACA /* CombineCocoa in Frameworks */,
				020E19012AE84E480050BACA /* SnapKit in Frameworks */,
			);
			runOnlyForDeploymentPostprocessing = 0;
		};
		020E18DB2AE84DCD0050BACA /* Frameworks */ = {
			isa = PBXFrameworksBuildPhase;
			buildActionMask = 2147483647;
			files = (
				020E19032AE84E5F0050BACA /* CombineCocoa in Frameworks */,
				020E19062AE84EFF0050BACA /* SnapshotTesting in Frameworks */,
			);
			runOnlyForDeploymentPostprocessing = 0;
		};
		020E18E52AE84DCD0050BACA /* Frameworks */ = {
			isa = PBXFrameworksBuildPhase;
			buildActionMask = 2147483647;
			files = (
				020E19082AE84F140050BACA /* CombineCocoa in Frameworks */,
			);
			runOnlyForDeploymentPostprocessing = 0;
		};
/* End PBXFrameworksBuildPhase section */

/* Begin PBXGroup section */
		020E18BF2AE84DCB0050BACA = {
			isa = PBXGroup;
			children = (
				020E18CA2AE84DCB0050BACA /* tip-calculator */,
				020E18E12AE84DCD0050BACA /* tip-calculatorTests */,
				020E18EB2AE84DCD0050BACA /* tip-calculatorUITests */,
				020E18C92AE84DCB0050BACA /* Products */,
				020E18FF2AE84E480050BACA /* Frameworks */,
			);
			sourceTree = "<group>";
		};
		020E18C92AE84DCB0050BACA /* Products */ = {
			isa = PBXGroup;
			children = (
				020E18C82AE84DCB0050BACA /* tip-calculator.app */,
				020E18DE2AE84DCD0050BACA /* tip-calculatorTests.xctest */,
				020E18E82AE84DCD0050BACA /* tip-calculatorUITests.xctest */,
			);
			name = Products;
			sourceTree = "<group>";
		};
		020E18CA2AE84DCB0050BACA /* tip-calculator */ = {
			isa = PBXGroup;
			children = (
				02C139302AE9274C00AAB0CD /* ViewModel */,
				02C1392F2AE9076C00AAB0CD /* Model */,
				020E191C2AE873140050BACA /* Factory */,
				020E19192AE86F090050BACA /* Extensions */,
				020E19142AE86EBC0050BACA /* Config */,
				020E19092AE86A5C0050BACA /* View */,
				020E18CB2AE84DCB0050BACA /* AppDelegate.swift */,
				020E18CD2AE84DCB0050BACA /* SceneDelegate.swift */,
				020E18CF2AE84DCB0050BACA /* CalculatorViewController.swift */,
				020E18D42AE84DCD0050BACA /* Assets.xcassets */,
				020E18D62AE84DCD0050BACA /* LaunchScreen.storyboard */,
				020E18D92AE84DCD0050BACA /* Info.plist */,
			);
			path = "tip-calculator";
			sourceTree = "<group>";
		};
		020E18E12AE84DCD0050BACA /* tip-calculatorTests */ = {
			isa = PBXGroup;
			children = (
				020E18E22AE84DCD0050BACA /* tip_calculatorTests.swift */,
			);
			path = "tip-calculatorTests";
			sourceTree = "<group>";
		};
		020E18EB2AE84DCD0050BACA /* tip-calculatorUITests */ = {
			isa = PBXGroup;
			children = (
				020E18EC2AE84DCD0050BACA /* tip_calculatorUITests.swift */,
				020E18EE2AE84DCD0050BACA /* tip_calculatorUITestsLaunchTests.swift */,
			);
			path = "tip-calculatorUITests";
			sourceTree = "<group>";
		};
		020E18FF2AE84E480050BACA /* Frameworks */ = {
			isa = PBXGroup;
			children = (
			);
			name = Frameworks;
			sourceTree = "<group>";
		};
		020E19092AE86A5C0050BACA /* View */ = {
			isa = PBXGroup;
			children = (
				020E190A2AE86A6B0050BACA /* LogoView.swift */,
				020E190C2AE86B620050BACA /* ResultView.swift */,
				020E190E2AE86B7A0050BACA /* BillInputView.swift */,
				020E19102AE86B9D0050BACA /* TipInputView.swift */,
				020E19122AE86BB60050BACA /* SplitInputView.swift */,
				020E19212AE87E510050BACA /* AmountView.swift */,
				02C1392B2AE9006800AAB0CD /* HeaderView.swift */,
			);
			path = View;
			sourceTree = "<group>";
		};
		020E19142AE86EBC0050BACA /* Config */ = {
			isa = PBXGroup;
			children = (
				020E19152AE86ED30050BACA /* ThemeColor.swift */,
				020E19172AE86EE00050BACA /* ThemeFont.swift */,
			);
			path = Config;
			sourceTree = "<group>";
		};
		020E19192AE86F090050BACA /* Extensions */ = {
			isa = PBXGroup;
			children = (
				020E191A2AE86F2F0050BACA /* UIColor+Extension.swift */,
				020E191F2AE879270050BACA /* UIView+Extension.swift */,
				02C139352AE92C0800AAB0CD /* String+Extension.swift */,
				02C139372AE9378900AAB0CD /* UIResponder+Extension.swift */,
			);
			path = Extensions;
			sourceTree = "<group>";
		};
		020E191C2AE873140050BACA /* Factory */ = {
			isa = PBXGroup;
			children = (
				020E191D2AE8732C0050BACA /* LabelFactory.swift */,
			);
			path = Factory;
			sourceTree = "<group>";
		};
		02C1392F2AE9076C00AAB0CD /* Model */ = {
			isa = PBXGroup;
			children = (
				02C1392D2AE9075800AAB0CD /* Tip.swift */,
				02C139332AE9285200AAB0CD /* Result.swift */,
			);
			path = Model;
			sourceTree = "<group>";
		};
		02C139302AE9274C00AAB0CD /* ViewModel */ = {
			isa = PBXGroup;
			children = (
				02C139312AE9275D00AAB0CD /* CalculatorViewModel.swift */,
			);
			path = ViewModel;
			sourceTree = "<group>";
		};
/* End PBXGroup section */

/* Begin PBXNativeTarget section */
		020E18C72AE84DCB0050BACA /* tip-calculator */ = {
			isa = PBXNativeTarget;
			buildConfigurationList = 020E18F22AE84DCD0050BACA /* Build configuration list for PBXNativeTarget "tip-calculator" */;
			buildPhases = (
				020E18C42AE84DCB0050BACA /* Sources */,
				020E18C52AE84DCB0050BACA /* Frameworks */,
				020E18C62AE84DCB0050BACA /* Resources */,
			);
			buildRules = (
			);
			dependencies = (
			);
			name = "tip-calculator";
			packageProductDependencies = (
				020E18FC2AE84DF30050BACA /* CombineCocoa */,
				020E19002AE84E480050BACA /* SnapKit */,
			);
			productName = "tip-calculator";
			productReference = 020E18C82AE84DCB0050BACA /* tip-calculator.app */;
			productType = "com.apple.product-type.application";
		};
		020E18DD2AE84DCD0050BACA /* tip-calculatorTests */ = {
			isa = PBXNativeTarget;
			buildConfigurationList = 020E18F52AE84DCD0050BACA /* Build configuration list for PBXNativeTarget "tip-calculatorTests" */;
			buildPhases = (
				020E18DA2AE84DCD0050BACA /* Sources */,
				020E18DB2AE84DCD0050BACA /* Frameworks */,
				020E18DC2AE84DCD0050BACA /* Resources */,
			);
			buildRules = (
			);
			dependencies = (
				020E18E02AE84DCD0050BACA /* PBXTargetDependency */,
			);
			name = "tip-calculatorTests";
			packageProductDependencies = (
				020E19022AE84E5F0050BACA /* CombineCocoa */,
				020E19052AE84EFF0050BACA /* SnapshotTesting */,
			);
			productName = "tip-calculatorTests";
			productReference = 020E18DE2AE84DCD0050BACA /* tip-calculatorTests.xctest */;
			productType = "com.apple.product-type.bundle.unit-test";
		};
		020E18E72AE84DCD0050BACA /* tip-calculatorUITests */ = {
			isa = PBXNativeTarget;
			buildConfigurationList = 020E18F82AE84DCD0050BACA /* Build configuration list for PBXNativeTarget "tip-calculatorUITests" */;
			buildPhases = (
				020E18E42AE84DCD0050BACA /* Sources */,
				020E18E52AE84DCD0050BACA /* Frameworks */,
				020E18E62AE84DCD0050BACA /* Resources */,
			);
			buildRules = (
			);
			dependencies = (
				020E18EA2AE84DCD0050BACA /* PBXTargetDependency */,
			);
			name = "tip-calculatorUITests";
			packageProductDependencies = (
				020E19072AE84F140050BACA /* CombineCocoa */,
			);
			productName = "tip-calculatorUITests";
			productReference = 020E18E82AE84DCD0050BACA /* tip-calculatorUITests.xctest */;
			productType = "com.apple.product-type.bundle.ui-testing";
		};
/* End PBXNativeTarget section */

/* Begin PBXProject section */
		020E18C02AE84DCB0050BACA /* Project object */ = {
			isa = PBXProject;
			attributes = {
				BuildIndependentTargetsInParallel = 1;
				LastSwiftUpdateCheck = 1430;
				LastUpgradeCheck = 1430;
				TargetAttributes = {
					020E18C72AE84DCB0050BACA = {
						CreatedOnToolsVersion = 14.3.1;
					};
					020E18DD2AE84DCD0050BACA = {
						CreatedOnToolsVersion = 14.3.1;
						TestTargetID = 020E18C72AE84DCB0050BACA;
					};
					020E18E72AE84DCD0050BACA = {
						CreatedOnToolsVersion = 14.3.1;
						TestTargetID = 020E18C72AE84DCB0050BACA;
					};
				};
			};
			buildConfigurationList = 020E18C32AE84DCB0050BACA /* Build configuration list for PBXProject "tip-calculator" */;
			compatibilityVersion = "Xcode 14.0";
			developmentRegion = en;
			hasScannedForEncodings = 0;
			knownRegions = (
				en,
				Base,
			);
			mainGroup = 020E18BF2AE84DCB0050BACA;
			packageReferences = (
				020E18FB2AE84DF30050BACA /* XCRemoteSwiftPackageReference "CombineCocoa" */,
				020E18FE2AE84E330050BACA /* XCRemoteSwiftPackageReference "SnapKit" */,
				020E19042AE84EFF0050BACA /* XCRemoteSwiftPackageReference "swift-snapshot-testing" */,
			);
			productRefGroup = 020E18C92AE84DCB0050BACA /* Products */;
			projectDirPath = "";
			projectRoot = "";
			targets = (
				020E18C72AE84DCB0050BACA /* tip-calculator */,
				020E18DD2AE84DCD0050BACA /* tip-calculatorTests */,
				020E18E72AE84DCD0050BACA /* tip-calculatorUITests */,
			);
		};
/* End PBXProject section */

/* Begin PBXResourcesBuildPhase section */
		020E18C62AE84DCB0050BACA /* Resources */ = {
			isa = PBXResourcesBuildPhase;
			buildActionMask = 2147483647;
			files = (
				020E18D82AE84DCD0050BACA /* LaunchScreen.storyboard in Resources */,
				020E18D52AE84DCD0050BACA /* Assets.xcassets in Resources */,
			);
			runOnlyForDeploymentPostprocessing = 0;
		};
		020E18DC2AE84DCD0050BACA /* Resources */ = {
			isa = PBXResourcesBuildPhase;
			buildActionMask = 2147483647;
			files = (
			);
			runOnlyForDeploymentPostprocessing = 0;
		};
		020E18E62AE84DCD0050BACA /* Resources */ = {
			isa = PBXResourcesBuildPhase;
			buildActionMask = 2147483647;
			files = (
			);
			runOnlyForDeploymentPostprocessing = 0;
		};
/* End PBXResourcesBuildPhase section */

/* Begin PBXSourcesBuildPhase section */
		020E18C42AE84DCB0050BACA /* Sources */ = {
			isa = PBXSourcesBuildPhase;
			buildActionMask = 2147483647;
			files = (
				02C139342AE9285200AAB0CD /* Result.swift in Sources */,
				020E19222AE87E510050BACA /* AmountView.swift in Sources */,
				02C139382AE9378900AAB0CD /* UIResponder+Extension.swift in Sources */,
				02C1392E2AE9075800AAB0CD /* Tip.swift in Sources */,
				02C139362AE92C0800AAB0CD /* String+Extension.swift in Sources */,
				020E18D02AE84DCB0050BACA /* CalculatorViewController.swift in Sources */,
				020E19202AE879270050BACA /* UIView+Extension.swift in Sources */,
				020E190B2AE86A6B0050BACA /* LogoView.swift in Sources */,
				020E19162AE86ED30050BACA /* ThemeColor.swift in Sources */,
				020E191B2AE86F2F0050BACA /* UIColor+Extension.swift in Sources */,
				020E190F2AE86B7A0050BACA /* BillInputView.swift in Sources */,
				020E190D2AE86B620050BACA /* ResultView.swift in Sources */,
				020E18CC2AE84DCB0050BACA /* AppDelegate.swift in Sources */,
				020E19182AE86EE00050BACA /* ThemeFont.swift in Sources */,
				02C1392C2AE9006800AAB0CD /* HeaderView.swift in Sources */,
				02C139322AE9275D00AAB0CD /* CalculatorViewModel.swift in Sources */,
				020E18CE2AE84DCB0050BACA /* SceneDelegate.swift in Sources */,
				020E191E2AE8732C0050BACA /* LabelFactory.swift in Sources */,
				020E19132AE86BB70050BACA /* SplitInputView.swift in Sources */,
				020E19112AE86B9D0050BACA /* TipInputView.swift in Sources */,
			);
			runOnlyForDeploymentPostprocessing = 0;
		};
		020E18DA2AE84DCD0050BACA /* Sources */ = {
			isa = PBXSourcesBuildPhase;
			buildActionMask = 2147483647;
			files = (
				020E18E32AE84DCD0050BACA /* tip_calculatorTests.swift in Sources */,
			);
			runOnlyForDeploymentPostprocessing = 0;
		};
		020E18E42AE84DCD0050BACA /* Sources */ = {
			isa = PBXSourcesBuildPhase;
			buildActionMask = 2147483647;
			files = (
				020E18EF2AE84DCD0050BACA /* tip_calculatorUITestsLaunchTests.swift in Sources */,
				020E18ED2AE84DCD0050BACA /* tip_calculatorUITests.swift in Sources */,
			);
			runOnlyForDeploymentPostprocessing = 0;
		};
/* End PBXSourcesBuildPhase section */

/* Begin PBXTargetDependency section */
		020E18E02AE84DCD0050BACA /* PBXTargetDependency */ = {
			isa = PBXTargetDependency;
			target = 020E18C72AE84DCB0050BACA /* tip-calculator */;
			targetProxy = 020E18DF2AE84DCD0050BACA /* PBXContainerItemProxy */;
		};
		020E18EA2AE84DCD0050BACA /* PBXTargetDependency */ = {
			isa = PBXTargetDependency;
			target = 020E18C72AE84DCB0050BACA /* tip-calculator */;
			targetProxy = 020E18E92AE84DCD0050BACA /* PBXContainerItemProxy */;
		};
/* End PBXTargetDependency section */

/* Begin PBXVariantGroup section */
		020E18D62AE84DCD0050BACA /* LaunchScreen.storyboard */ = {
			isa = PBXVariantGroup;
			children = (
				020E18D72AE84DCD0050BACA /* Base */,
			);
			name = LaunchScreen.storyboard;
			sourceTree = "<group>";
		};
/* End PBXVariantGroup section */

/* Begin XCBuildConfiguration section */
		020E18F02AE84DCD0050BACA /* Debug */ = {
			isa = XCBuildConfiguration;
			buildSettings = {
				ALWAYS_SEARCH_USER_PATHS = NO;
				CLANG_ANALYZER_NONNULL = YES;
				CLANG_ANALYZER_NUMBER_OBJECT_CONVERSION = YES_AGGRESSIVE;
				CLANG_CXX_LANGUAGE_STANDARD = "gnu++20";
				CLANG_ENABLE_MODULES = YES;
				CLANG_ENABLE_OBJC_ARC = YES;
				CLANG_ENABLE_OBJC_WEAK = YES;
				CLANG_WARN_BLOCK_CAPTURE_AUTORELEASING = YES;
				CLANG_WARN_BOOL_CONVERSION = YES;
				CLANG_WARN_COMMA = YES;
				CLANG_WARN_CONSTANT_CONVERSION = YES;
				CLANG_WARN_DEPRECATED_OBJC_IMPLEMENTATIONS = YES;
				CLANG_WARN_DIRECT_OBJC_ISA_USAGE = YES_ERROR;
				CLANG_WARN_DOCUMENTATION_COMMENTS = YES;
				CLANG_WARN_EMPTY_BODY = YES;
				CLANG_WARN_ENUM_CONVERSION = YES;
				CLANG_WARN_INFINITE_RECURSION = YES;
				CLANG_WARN_INT_CONVERSION = YES;
				CLANG_WARN_NON_LITERAL_NULL_CONVERSION = YES;
				CLANG_WARN_OBJC_IMPLICIT_RETAIN_SELF = YES;
				CLANG_WARN_OBJC_LITERAL_CONVERSION = YES;
				CLANG_WARN_OBJC_ROOT_CLASS = YES_ERROR;
				CLANG_WARN_QUOTED_INCLUDE_IN_FRAMEWORK_HEADER = YES;
				CLANG_WARN_RANGE_LOOP_ANALYSIS = YES;
				CLANG_WARN_STRICT_PROTOTYPES = YES;
				CLANG_WARN_SUSPICIOUS_MOVE = YES;
				CLANG_WARN_UNGUARDED_AVAILABILITY = YES_AGGRESSIVE;
				CLANG_WARN_UNREACHABLE_CODE = YES;
				CLANG_WARN__DUPLICATE_METHOD_MATCH = YES;
				COPY_PHASE_STRIP = NO;
				DEBUG_INFORMATION_FORMAT = dwarf;
				ENABLE_STRICT_OBJC_MSGSEND = YES;
				ENABLE_TESTABILITY = YES;
				GCC_C_LANGUAGE_STANDARD = gnu11;
				GCC_DYNAMIC_NO_PIC = NO;
				GCC_NO_COMMON_BLOCKS = YES;
				GCC_OPTIMIZATION_LEVEL = 0;
				GCC_PREPROCESSOR_DEFINITIONS = (
					"DEBUG=1",
					"$(inherited)",
				);
				GCC_WARN_64_TO_32_BIT_CONVERSION = YES;
				GCC_WARN_ABOUT_RETURN_TYPE = YES_ERROR;
				GCC_WARN_UNDECLARED_SELECTOR = YES;
				GCC_WARN_UNINITIALIZED_AUTOS = YES_AGGRESSIVE;
				GCC_WARN_UNUSED_FUNCTION = YES;
				GCC_WARN_UNUSED_VARIABLE = YES;
				IPHONEOS_DEPLOYMENT_TARGET = 16.4;
				MTL_ENABLE_DEBUG_INFO = INCLUDE_SOURCE;
				MTL_FAST_MATH = YES;
				ONLY_ACTIVE_ARCH = YES;
				SDKROOT = iphoneos;
				SWIFT_ACTIVE_COMPILATION_CONDITIONS = DEBUG;
				SWIFT_OPTIMIZATION_LEVEL = "-Onone";
			};
			name = Debug;
		};
		020E18F12AE84DCD0050BACA /* Release */ = {
			isa = XCBuildConfiguration;
			buildSettings = {
				ALWAYS_SEARCH_USER_PATHS = NO;
				CLANG_ANALYZER_NONNULL = YES;
				CLANG_ANALYZER_NUMBER_OBJECT_CONVERSION = YES_AGGRESSIVE;
				CLANG_CXX_LANGUAGE_STANDARD = "gnu++20";
				CLANG_ENABLE_MODULES = YES;
				CLANG_ENABLE_OBJC_ARC = YES;
				CLANG_ENABLE_OBJC_WEAK = YES;
				CLANG_WARN_BLOCK_CAPTURE_AUTORELEASING = YES;
				CLANG_WARN_BOOL_CONVERSION = YES;
				CLANG_WARN_COMMA = YES;
				CLANG_WARN_CONSTANT_CONVERSION = YES;
				CLANG_WARN_DEPRECATED_OBJC_IMPLEMENTATIONS = YES;
				CLANG_WARN_DIRECT_OBJC_ISA_USAGE = YES_ERROR;
				CLANG_WARN_DOCUMENTATION_COMMENTS = YES;
				CLANG_WARN_EMPTY_BODY = YES;
				CLANG_WARN_ENUM_CONVERSION = YES;
				CLANG_WARN_INFINITE_RECURSION = YES;
				CLANG_WARN_INT_CONVERSION = YES;
				CLANG_WARN_NON_LITERAL_NULL_CONVERSION = YES;
				CLANG_WARN_OBJC_IMPLICIT_RETAIN_SELF = YES;
				CLANG_WARN_OBJC_LITERAL_CONVERSION = YES;
				CLANG_WARN_OBJC_ROOT_CLASS = YES_ERROR;
				CLANG_WARN_QUOTED_INCLUDE_IN_FRAMEWORK_HEADER = YES;
				CLANG_WARN_RANGE_LOOP_ANALYSIS = YES;
				CLANG_WARN_STRICT_PROTOTYPES = YES;
				CLANG_WARN_SUSPICIOUS_MOVE = YES;
				CLANG_WARN_UNGUARDED_AVAILABILITY = YES_AGGRESSIVE;
				CLANG_WARN_UNREACHABLE_CODE = YES;
				CLANG_WARN__DUPLICATE_METHOD_MATCH = YES;
				COPY_PHASE_STRIP = NO;
				DEBUG_INFORMATION_FORMAT = "dwarf-with-dsym";
				ENABLE_NS_ASSERTIONS = NO;
				ENABLE_STRICT_OBJC_MSGSEND = YES;
				GCC_C_LANGUAGE_STANDARD = gnu11;
				GCC_NO_COMMON_BLOCKS = YES;
				GCC_WARN_64_TO_32_BIT_CONVERSION = YES;
				GCC_WARN_ABOUT_RETURN_TYPE = YES_ERROR;
				GCC_WARN_UNDECLARED_SELECTOR = YES;
				GCC_WARN_UNINITIALIZED_AUTOS = YES_AGGRESSIVE;
				GCC_WARN_UNUSED_FUNCTION = YES;
				GCC_WARN_UNUSED_VARIABLE = YES;
				IPHONEOS_DEPLOYMENT_TARGET = 16.4;
				MTL_ENABLE_DEBUG_INFO = NO;
				MTL_FAST_MATH = YES;
				SDKROOT = iphoneos;
				SWIFT_COMPILATION_MODE = wholemodule;
				SWIFT_OPTIMIZATION_LEVEL = "-O";
				VALIDATE_PRODUCT = YES;
			};
			name = Release;
		};
		020E18F32AE84DCD0050BACA /* Debug */ = {
			isa = XCBuildConfiguration;
			buildSettings = {
				ASSETCATALOG_COMPILER_APPICON_NAME = AppIcon;
				ASSETCATALOG_COMPILER_GLOBAL_ACCENT_COLOR_NAME = AccentColor;
				CODE_SIGN_STYLE = Automatic;
				CURRENT_PROJECT_VERSION = 1;
				DEVELOPMENT_TEAM = XLUKF7X798;
				GENERATE_INFOPLIST_FILE = YES;
				INFOPLIST_FILE = "tip-calculator/Info.plist";
				INFOPLIST_KEY_UIApplicationSupportsIndirectInputEvents = YES;
				INFOPLIST_KEY_UILaunchStoryboardName = LaunchScreen;
				INFOPLIST_KEY_UISupportedInterfaceOrientations_iPad = "UIInterfaceOrientationPortrait UIInterfaceOrientationPortraitUpsideDown UIInterfaceOrientationLandscapeLeft UIInterfaceOrientationLandscapeRight";
				INFOPLIST_KEY_UISupportedInterfaceOrientations_iPhone = "UIInterfaceOrientationPortrait UIInterfaceOrientationLandscapeLeft UIInterfaceOrientationLandscapeRight";
				LD_RUNPATH_SEARCH_PATHS = (
					"$(inherited)",
					"@executable_path/Frameworks",
				);
				MARKETING_VERSION = 1.0;
				PRODUCT_BUNDLE_IDENTIFIER = "com.lab.tip.calculator.com.tip-calculator";
				PRODUCT_NAME = "$(TARGET_NAME)";
				SWIFT_EMIT_LOC_STRINGS = YES;
				SWIFT_VERSION = 5.0;
				TARGETED_DEVICE_FAMILY = "1,2";
			};
			name = Debug;
		};
		020E18F42AE84DCD0050BACA /* Release */ = {
			isa = XCBuildConfiguration;
			buildSettings = {
				ASSETCATALOG_COMPILER_APPICON_NAME = AppIcon;
				ASSETCATALOG_COMPILER_GLOBAL_ACCENT_COLOR_NAME = AccentColor;
				CODE_SIGN_STYLE = Automatic;
				CURRENT_PROJECT_VERSION = 1;
				DEVELOPMENT_TEAM = XLUKF7X798;
				GENERATE_INFOPLIST_FILE = YES;
				INFOPLIST_FILE = "tip-calculator/Info.plist";
				INFOPLIST_KEY_UIApplicationSupportsIndirectInputEvents = YES;
				INFOPLIST_KEY_UILaunchStoryboardName = LaunchScreen;
				INFOPLIST_KEY_UISupportedInterfaceOrientations_iPad = "UIInterfaceOrientationPortrait UIInterfaceOrientationPortraitUpsideDown UIInterfaceOrientationLandscapeLeft UIInterfaceOrientationLandscapeRight";
				INFOPLIST_KEY_UISupportedInterfaceOrientations_iPhone = "UIInterfaceOrientationPortrait UIInterfaceOrientationLandscapeLeft UIInterfaceOrientationLandscapeRight";
				LD_RUNPATH_SEARCH_PATHS = (
					"$(inherited)",
					"@executable_path/Frameworks",
				);
				MARKETING_VERSION = 1.0;
				PRODUCT_BUNDLE_IDENTIFIER = "com.lab.tip.calculator.com.tip-calculator";
				PRODUCT_NAME = "$(TARGET_NAME)";
				SWIFT_EMIT_LOC_STRINGS = YES;
				SWIFT_VERSION = 5.0;
				TARGETED_DEVICE_FAMILY = "1,2";
			};
			name = Release;
		};
		020E18F62AE84DCD0050BACA /* Debug */ = {
			isa = XCBuildConfiguration;
			buildSettings = {
				ALWAYS_EMBED_SWIFT_STANDARD_LIBRARIES = YES;
				BUNDLE_LOADER = "$(TEST_HOST)";
				CODE_SIGN_STYLE = Automatic;
				CURRENT_PROJECT_VERSION = 1;
				DEVELOPMENT_TEAM = XLUKF7X798;
				GENERATE_INFOPLIST_FILE = YES;
				IPHONEOS_DEPLOYMENT_TARGET = 16.4;
				MARKETING_VERSION = 1.0;
				PRODUCT_BUNDLE_IDENTIFIER = "com.lab.tip.calculator.com.tip-calculatorTests";
				PRODUCT_NAME = "$(TARGET_NAME)";
				SWIFT_EMIT_LOC_STRINGS = NO;
				SWIFT_VERSION = 5.0;
				TARGETED_DEVICE_FAMILY = "1,2";
				TEST_HOST = "$(BUILT_PRODUCTS_DIR)/tip-calculator.app/$(BUNDLE_EXECUTABLE_FOLDER_PATH)/tip-calculator";
			};
			name = Debug;
		};
		020E18F72AE84DCD0050BACA /* Release */ = {
			isa = XCBuildConfiguration;
			buildSettings = {
				ALWAYS_EMBED_SWIFT_STANDARD_LIBRARIES = YES;
				BUNDLE_LOADER = "$(TEST_HOST)";
				CODE_SIGN_STYLE = Automatic;
				CURRENT_PROJECT_VERSION = 1;
				DEVELOPMENT_TEAM = XLUKF7X798;
				GENERATE_INFOPLIST_FILE = YES;
				IPHONEOS_DEPLOYMENT_TARGET = 16.4;
				MARKETING_VERSION = 1.0;
				PRODUCT_BUNDLE_IDENTIFIER = "com.lab.tip.calculator.com.tip-calculatorTests";
				PRODUCT_NAME = "$(TARGET_NAME)";
				SWIFT_EMIT_LOC_STRINGS = NO;
				SWIFT_VERSION = 5.0;
				TARGETED_DEVICE_FAMILY = "1,2";
				TEST_HOST = "$(BUILT_PRODUCTS_DIR)/tip-calculator.app/$(BUNDLE_EXECUTABLE_FOLDER_PATH)/tip-calculator";
			};
			name = Release;
		};
		020E18F92AE84DCD0050BACA /* Debug */ = {
			isa = XCBuildConfiguration;
			buildSettings = {
				ALWAYS_EMBED_SWIFT_STANDARD_LIBRARIES = YES;
				CODE_SIGN_STYLE = Automatic;
				CURRENT_PROJECT_VERSION = 1;
				DEVELOPMENT_TEAM = XLUKF7X798;
				GENERATE_INFOPLIST_FILE = YES;
				MARKETING_VERSION = 1.0;
				PRODUCT_BUNDLE_IDENTIFIER = "com.lab.tip.calculator.com.tip-calculatorUITests";
				PRODUCT_NAME = "$(TARGET_NAME)";
				SWIFT_EMIT_LOC_STRINGS = NO;
				SWIFT_VERSION = 5.0;
				TARGETED_DEVICE_FAMILY = "1,2";
				TEST_TARGET_NAME = "tip-calculator";
			};
			name = Debug;
		};
		020E18FA2AE84DCD0050BACA /* Release */ = {
			isa = XCBuildConfiguration;
			buildSettings = {
				ALWAYS_EMBED_SWIFT_STANDARD_LIBRARIES = YES;
				CODE_SIGN_STYLE = Automatic;
				CURRENT_PROJECT_VERSION = 1;
				DEVELOPMENT_TEAM = XLUKF7X798;
				GENERATE_INFOPLIST_FILE = YES;
				MARKETING_VERSION = 1.0;
				PRODUCT_BUNDLE_IDENTIFIER = "com.lab.tip.calculator.com.tip-calculatorUITests";
				PRODUCT_NAME = "$(TARGET_NAME)";
				SWIFT_EMIT_LOC_STRINGS = NO;
				SWIFT_VERSION = 5.0;
				TARGETED_DEVICE_FAMILY = "1,2";
				TEST_TARGET_NAME = "tip-calculator";
			};
			name = Release;
		};
/* End XCBuildConfiguration section */

/* Begin XCConfigurationList section */
		020E18C32AE84DCB0050BACA /* Build configuration list for PBXProject "tip-calculator" */ = {
			isa = XCConfigurationList;
			buildConfigurations = (
				020E18F02AE84DCD0050BACA /* Debug */,
				020E18F12AE84DCD0050BACA /* Release */,
			);
			defaultConfigurationIsVisible = 0;
			defaultConfigurationName = Release;
		};
		020E18F22AE84DCD0050BACA /* Build configuration list for PBXNativeTarget "tip-calculator" */ = {
			isa = XCConfigurationList;
			buildConfigurations = (
				020E18F32AE84DCD0050BACA /* Debug */,
				020E18F42AE84DCD0050BACA /* Release */,
			);
			defaultConfigurationIsVisible = 0;
			defaultConfigurationName = Release;
		};
		020E18F52AE84DCD0050BACA /* Build configuration list for PBXNativeTarget "tip-calculatorTests" */ = {
			isa = XCConfigurationList;
			buildConfigurations = (
				020E18F62AE84DCD0050BACA /* Debug */,
				020E18F72AE84DCD0050BACA /* Release */,
			);
			defaultConfigurationIsVisible = 0;
			defaultConfigurationName = Release;
		};
		020E18F82AE84DCD0050BACA /* Build configuration list for PBXNativeTarget "tip-calculatorUITests" */ = {
			isa = XCConfigurationList;
			buildConfigurations = (
				020E18F92AE84DCD0050BACA /* Debug */,
				020E18FA2AE84DCD0050BACA /* Release */,
			);
			defaultConfigurationIsVisible = 0;
			defaultConfigurationName = Release;
		};
/* End XCConfigurationList section */

/* Begin XCRemoteSwiftPackageReference section */
		020E18FB2AE84DF30050BACA /* XCRemoteSwiftPackageReference "CombineCocoa" */ = {
			isa = XCRemoteSwiftPackageReference;
			repositoryURL = "https://github.com/CombineCommunity/CombineCocoa";
			requirement = {
				kind = upToNextMajorVersion;
				minimumVersion = 0.4.1;
			};
		};
		020E18FE2AE84E330050BACA /* XCRemoteSwiftPackageReference "SnapKit" */ = {
			isa = XCRemoteSwiftPackageReference;
			repositoryURL = "https://github.com/SnapKit/SnapKit";
			requirement = {
				kind = upToNextMajorVersion;
				minimumVersion = 5.0.0;
			};
		};
		020E19042AE84EFF0050BACA /* XCRemoteSwiftPackageReference "swift-snapshot-testing" */ = {
			isa = XCRemoteSwiftPackageReference;
			repositoryURL = "https://github.com/pointfreeco/swift-snapshot-testing";
			requirement = {
				kind = upToNextMajorVersion;
				minimumVersion = 1.0.0;
			};
		};
/* End XCRemoteSwiftPackageReference section */

/* Begin XCSwiftPackageProductDependency section */
		020E18FC2AE84DF30050BACA /* CombineCocoa */ = {
			isa = XCSwiftPackageProductDependency;
			package = 020E18FB2AE84DF30050BACA /* XCRemoteSwiftPackageReference "CombineCocoa" */;
			productName = CombineCocoa;
		};
		020E19002AE84E480050BACA /* SnapKit */ = {
			isa = XCSwiftPackageProductDependency;
			package = 020E18FE2AE84E330050BACA /* XCRemoteSwiftPackageReference "SnapKit" */;
			productName = SnapKit;
		};
		020E19022AE84E5F0050BACA /* CombineCocoa */ = {
			isa = XCSwiftPackageProductDependency;
			package = 020E18FB2AE84DF30050BACA /* XCRemoteSwiftPackageReference "CombineCocoa" */;
			productName = CombineCocoa;
		};
		020E19052AE84EFF0050BACA /* SnapshotTesting */ = {
			isa = XCSwiftPackageProductDependency;
			package = 020E19042AE84EFF0050BACA /* XCRemoteSwiftPackageReference "swift-snapshot-testing" */;
			productName = SnapshotTesting;
		};
		020E19072AE84F140050BACA /* CombineCocoa */ = {
			isa = XCSwiftPackageProductDependency;
			package = 020E18FB2AE84DF30050BACA /* XCRemoteSwiftPackageReference "CombineCocoa" */;
			productName = CombineCocoa;
		};
/* End XCSwiftPackageProductDependency section */
	};
	rootObject = 020E18C02AE84DCB0050BACA /* Project object */;
}
